
Microsoft Visual Studio Solution File, Format Version 12.00
# Visual Studio 15
VisualStudioVersion = 15.0.27004.2002
MinimumVisualStudioVersion = 10.0.40219.1
Project("{FAE04EC0-301F-11D3-BF4B-00C04F79EFBC}") = "Homework3", "Homework3\Homework3.csproj", "{176C0B70-0BDA-4959-BDAB-01937F073BD6}"
EndProject
Global
	GlobalSection(SolutionConfigurationPlatforms) = preSolution
		Debug|Any CPU = Debug|Any CPU
		Release|Any CPU = Release|Any CPU
	EndGlobalSection
	GlobalSection(ProjectConfigurationPlatforms) = postSolution
		{176C0B70-0BDA-4959-BDAB-01937F073BD6}.Debug|Any CPU.ActiveCfg = Debug|Any CPU
		{176C0B70-0BDA-4959-BDAB-01937F073BD6}.Debug|Any CPU.Build.0 = Debug|Any CPU
		{176C0B70-0BDA-4959-BDAB-01937F073BD6}.Release|Any CPU.ActiveCfg = Release|Any CPU
		{176C0B70-0BDA-4959-BDAB-01937F073BD6}.Release|Any CPU.Build.0 = Release|Any CPU
	EndGlobalSection
	GlobalSection(SolutionProperties) = preSolution
		HideSolutionNode = FALSE
	EndGlobalSection
	GlobalSection(ExtensibilityGlobals) = postSolution
		SolutionGuid = {E97C85EF-45B8-4CE1-86EF-437D3C9845F9}
	EndGlobalSection
EndGlobal
